
Microsoft Visual Studio Solution File, Format Version 12.00
# Visual Studio 2013
VisualStudioVersion = 12.0.30110.0
MinimumVisualStudioVersion = 10.0.40219.1
Project("{FAE04EC0-301F-11D3-BF4B-00C04F79EFBC}") = "CameraPicShare", "CameraPicShare\CameraPicShare.csproj", "{5AE2D215-1DAC-4D61-982C-F076093E0FC4}"
EndProject
Project("{FAE04EC0-301F-11D3-BF4B-00C04F79EFBC}") = "ReachUsV1", "ReachUsV1\ReachUsV1.csproj", "{97E55EE9-DDB2-48F1-AAC6-7C8FDDE78B56}"
EndProject
Project("{FAE04EC0-301F-11D3-BF4B-00C04F79EFBC}") = "AccelerometerDemo", "AccelerometerDemo\AccelerometerDemo.csproj", "{60FC7D34-F1C0-4322-9177-44F1F990A723}"
EndProject
Project("{FAE04EC0-301F-11D3-BF4B-00C04F79EFBC}") = "CollectionBinding", "CollectionBinding\CollectionBinding.csproj", "{A87FE32E-3C77-4562-88E8-E8490ED1CF5F}"
EndProject
Project("{FAE04EC0-301F-11D3-BF4B-00C04F79EFBC}") = "AzureMobile", "AzureMobile\AzureMobile.csproj", "{3DC9A649-91ED-4380-B165-C8ACC37AB683}"
EndProject
Global
	GlobalSection(SolutionConfigurationPlatforms) = preSolution
		Debug|Any CPU = Debug|Any CPU
		Debug|ARM = Debug|ARM
		Debug|x86 = Debug|x86
		Release|Any CPU = Release|Any CPU
		Release|ARM = Release|ARM
		Release|x86 = Release|x86
	EndGlobalSection
	GlobalSection(ProjectConfigurationPlatforms) = postSolution
		{5AE2D215-1DAC-4D61-982C-F076093E0FC4}.Debug|Any CPU.ActiveCfg = Debug|Any CPU
		{5AE2D215-1DAC-4D61-982C-F076093E0FC4}.Debug|Any CPU.Build.0 = Debug|Any CPU
		{5AE2D215-1DAC-4D61-982C-F076093E0FC4}.Debug|Any CPU.Deploy.0 = Debug|Any CPU
		{5AE2D215-1DAC-4D61-982C-F076093E0FC4}.Debug|ARM.ActiveCfg = Debug|ARM
		{5AE2D215-1DAC-4D61-982C-F076093E0FC4}.Debug|ARM.Build.0 = Debug|ARM
		{5AE2D215-1DAC-4D61-982C-F076093E0FC4}.Debug|ARM.Deploy.0 = Debug|ARM
		{5AE2D215-1DAC-4D61-982C-F076093E0FC4}.Debug|x86.ActiveCfg = Debug|x86
		{5AE2D215-1DAC-4D61-982C-F076093E0FC4}.Debug|x86.Build.0 = Debug|x86
		{5AE2D215-1DAC-4D61-982C-F076093E0FC4}.Debug|x86.Deploy.0 = Debug|x86
		{5AE2D215-1DAC-4D61-982C-F076093E0FC4}.Release|Any CPU.ActiveCfg = Release|Any CPU
		{5AE2D215-1DAC-4D61-982C-F076093E0FC4}.Release|Any CPU.Build.0 = Release|Any CPU
		{5AE2D215-1DAC-4D61-982C-F076093E0FC4}.Release|Any CPU.Deploy.0 = Release|Any CPU
		{5AE2D215-1DAC-4D61-982C-F076093E0FC4}.Release|ARM.ActiveCfg = Release|ARM
		{5AE2D215-1DAC-4D61-982C-F076093E0FC4}.Release|ARM.Build.0 = Release|ARM
		{5AE2D215-1DAC-4D61-982C-F076093E0FC4}.Release|ARM.Deploy.0 = Release|ARM
		{5AE2D215-1DAC-4D61-982C-F076093E0FC4}.Release|x86.ActiveCfg = Release|x86
		{5AE2D215-1DAC-4D61-982C-F076093E0FC4}.Release|x86.Build.0 = Release|x86
		{5AE2D215-1DAC-4D61-982C-F076093E0FC4}.Release|x86.Deploy.0 = Release|x86
		{97E55EE9-DDB2-48F1-AAC6-7C8FDDE78B56}.Debug|Any CPU.ActiveCfg = Debug|Any CPU
		{97E55EE9-DDB2-48F1-AAC6-7C8FDDE78B56}.Debug|Any CPU.Build.0 = Debug|Any CPU
		{97E55EE9-DDB2-48F1-AAC6-7C8FDDE78B56}.Debug|Any CPU.Deploy.0 = Debug|Any CPU
		{97E55EE9-DDB2-48F1-AAC6-7C8FDDE78B56}.Debug|ARM.ActiveCfg = Debug|ARM
		{97E55EE9-DDB2-48F1-AAC6-7C8FDDE78B56}.Debug|ARM.Build.0 = Debug|ARM
		{97E55EE9-DDB2-48F1-AAC6-7C8FDDE78B56}.Debug|ARM.Deploy.0 = Debug|ARM
		{97E55EE9-DDB2-48F1-AAC6-7C8FDDE78B56}.Debug|x86.ActiveCfg = Debug|x86
		{97E55EE9-DDB2-48F1-AAC6-7C8FDDE78B56}.Debug|x86.Build.0 = Debug|x86
		{97E55EE9-DDB2-48F1-AAC6-7C8FDDE78B56}.Debug|x86.Deploy.0 = Debug|x86
		{97E55EE9-DDB2-48F1-AAC6-7C8FDDE78B56}.Release|Any CPU.ActiveCfg = Release|Any CPU
		{97E55EE9-DDB2-48F1-AAC6-7C8FDDE78B56}.Release|Any CPU.Build.0 = Release|Any CPU
		{97E55EE9-DDB2-48F1-AAC6-7C8FDDE78B56}.Release|Any CPU.Deploy.0 = Release|Any CPU
		{97E55EE9-DDB2-48F1-AAC6-7C8FDDE78B56}.Release|ARM.ActiveCfg = Release|ARM
		{97E55EE9-DDB2-48F1-AAC6-7C8FDDE78B56}.Release|ARM.Build.0 = Release|ARM
		{97E55EE9-DDB2-48F1-AAC6-7C8FDDE78B56}.Release|ARM.Deploy.0 = Release|ARM
		{97E55EE9-DDB2-48F1-AAC6-7C8FDDE78B56}.Release|x86.ActiveCfg = Release|x86
		{97E55EE9-DDB2-48F1-AAC6-7C8FDDE78B56}.Release|x86.Build.0 = Release|x86
		{97E55EE9-DDB2-48F1-AAC6-7C8FDDE78B56}.Release|x86.Deploy.0 = Release|x86
		{60FC7D34-F1C0-4322-9177-44F1F990A723}.Debug|Any CPU.ActiveCfg = Debug|Any CPU
		{60FC7D34-F1C0-4322-9177-44F1F990A723}.Debug|Any CPU.Build.0 = Debug|Any CPU
		{60FC7D34-F1C0-4322-9177-44F1F990A723}.Debug|Any CPU.Deploy.0 = Debug|Any CPU
		{60FC7D34-F1C0-4322-9177-44F1F990A723}.Debug|ARM.ActiveCfg = Debug|ARM
		{60FC7D34-F1C0-4322-9177-44F1F990A723}.Debug|ARM.Build.0 = Debug|ARM
		{60FC7D34-F1C0-4322-9177-44F1F990A723}.Debug|ARM.Deploy.0 = Debug|ARM
		{60FC7D34-F1C0-4322-9177-44F1F990A723}.Debug|x86.ActiveCfg = Debug|x86
		{60FC7D34-F1C0-4322-9177-44F1F990A723}.Debug|x86.Build.0 = Debug|x86
		{60FC7D34-F1C0-4322-9177-44F1F990A723}.Debug|x86.Deploy.0 = Debug|x86
		{60FC7D34-F1C0-4322-9177-44F1F990A723}.Release|Any CPU.ActiveCfg = Release|Any CPU
		{60FC7D34-F1C0-4322-9177-44F1F990A723}.Release|Any CPU.Build.0 = Release|Any CPU
		{60FC7D34-F1C0-4322-9177-44F1F990A723}.Release|Any CPU.Deploy.0 = Release|Any CPU
		{60FC7D34-F1C0-4322-9177-44F1F990A723}.Release|ARM.ActiveCfg = Release|ARM
		{60FC7D34-F1C0-4322-9177-44F1F990A723}.Release|ARM.Build.0 = Release|ARM
		{60FC7D34-F1C0-4322-9177-44F1F990A723}.Release|ARM.Deploy.0 = Release|ARM
		{60FC7D34-F1C0-4322-9177-44F1F990A723}.Release|x86.ActiveCfg = Release|x86
		{60FC7D34-F1C0-4322-9177-44F1F990A723}.Release|x86.Build.0 = Release|x86
		{60FC7D34-F1C0-4322-9177-44F1F990A723}.Release|x86.Deploy.0 = Release|x86
		{A87FE32E-3C77-4562-88E8-E8490ED1CF5F}.Debug|Any CPU.ActiveCfg = Debug|Any CPU
		{A87FE32E-3C77-4562-88E8-E8490ED1CF5F}.Debug|Any CPU.Build.0 = Debug|Any CPU
		{A87FE32E-3C77-4562-88E8-E8490ED1CF5F}.Debug|Any CPU.Deploy.0 = Debug|Any CPU
		{A87FE32E-3C77-4562-88E8-E8490ED1CF5F}.Debug|ARM.ActiveCfg = Debug|ARM
		{A87FE32E-3C77-4562-88E8-E8490ED1CF5F}.Debug|ARM.Build.0 = Debug|ARM
		{A87FE32E-3C77-4562-88E8-E8490ED1CF5F}.Debug|ARM.Deploy.0 = Debug|ARM
		{A87FE32E-3C77-4562-88E8-E8490ED1CF5F}.Debug|x86.ActiveCfg = Debug|x86
		{A87FE32E-3C77-4562-88E8-E8490ED1CF5F}.Debug|x86.Build.0 = Debug|x86
		{A87FE32E-3C77-4562-88E8-E8490ED1CF5F}.Debug|x86.Deploy.0 = Debug|x86
		{A87FE32E-3C77-4562-88E8-E8490ED1CF5F}.Release|Any CPU.ActiveCfg = Release|Any CPU
		{A87FE32E-3C77-4562-88E8-E8490ED1CF5F}.Release|Any CPU.Build.0 = Release|Any CPU
		{A87FE32E-3C77-4562-88E8-E8490ED1CF5F}.Release|Any CPU.Deploy.0 = Release|Any CPU
		{A87FE32E-3C77-4562-88E8-E8490ED1CF5F}.Release|ARM.ActiveCfg = Release|ARM
		{A87FE32E-3C77-4562-88E8-E8490ED1CF5F}.Release|ARM.Build.0 = Release|ARM
		{A87FE32E-3C77-4562-88E8-E8490ED1CF5F}.Release|ARM.Deploy.0 = Release|ARM
		{A87FE32E-3C77-4562-88E8-E8490ED1CF5F}.Release|x86.ActiveCfg = Release|x86
		{A87FE32E-3C77-4562-88E8-E8490ED1CF5F}.Release|x86.Build.0 = Release|x86
		{A87FE32E-3C77-4562-88E8-E8490ED1CF5F}.Release|x86.Deploy.0 = Release|x86
		{3DC9A649-91ED-4380-B165-C8ACC37AB683}.Debug|Any CPU.ActiveCfg = Debug|Any CPU
		{3DC9A649-91ED-4380-B165-C8ACC37AB683}.Debug|Any CPU.Build.0 = Debug|Any CPU
		{3DC9A649-91ED-4380-B165-C8ACC37AB683}.Debug|Any CPU.Deploy.0 = Debug|Any CPU
		{3DC9A649-91ED-4380-B165-C8ACC37AB683}.Debug|ARM.ActiveCfg = Debug|ARM
		{3DC9A649-91ED-4380-B165-C8ACC37AB683}.Debug|ARM.Build.0 = Debug|ARM
		{3DC9A649-91ED-4380-B165-C8ACC37AB683}.Debug|ARM.Deploy.0 = Debug|ARM
		{3DC9A649-91ED-4380-B165-C8ACC37AB683}.Debug|x86.ActiveCfg = Debug|x86
		{3DC9A649-91ED-4380-B165-C8ACC37AB683}.Debug|x86.Build.0 = Debug|x86
		{3DC9A649-91ED-4380-B165-C8ACC37AB683}.Debug|x86.Deploy.0 = Debug|x86
		{3DC9A649-91ED-4380-B165-C8ACC37AB683}.Release|Any CPU.ActiveCfg = Release|Any CPU
		{3DC9A649-91ED-4380-B165-C8ACC37AB683}.Release|Any CPU.Build.0 = Release|Any CPU
		{3DC9A649-91ED-4380-B165-C8ACC37AB683}.Release|Any CPU.Deploy.0 = Release|Any CPU
		{3DC9A649-91ED-4380-B165-C8ACC37AB683}.Release|ARM.ActiveCfg = Release|ARM
		{3DC9A649-91ED-4380-B165-C8ACC37AB683}.Release|ARM.Build.0 = Release|ARM
		{3DC9A649-91ED-4380-B165-C8ACC37AB683}.Release|ARM.Deploy.0 = Release|ARM
		{3DC9A649-91ED-4380-B165-C8ACC37AB683}.Release|x86.ActiveCfg = Release|x86
		{3DC9A649-91ED-4380-B165-C8ACC37AB683}.Release|x86.Build.0 = Release|x86
		{3DC9A649-91ED-4380-B165-C8ACC37AB683}.Release|x86.Deploy.0 = Release|x86
	EndGlobalSection
	GlobalSection(SolutionProperties) = preSolution
		HideSolutionNode = FALSE
	EndGlobalSection
EndGlobal
